// !$*UTF8*$!
{
	archiveVersion = 1;
	classes = {
	};
	objectVersion = 56;
	objects = {

/* Begin PBXBuildFile section */
		6C05F71D2C516232008FFE7E /* PostPreviewView.swift in Sources */ = {isa = PBXBuildFile; fileRef = 6C05F71C2C516232008FFE7E /* PostPreviewView.swift */; };
		6C05F71F2C51673A008FFE7E /* PostType.swift in Sources */ = {isa = PBXBuildFile; fileRef = 6C05F71E2C51673A008FFE7E /* PostType.swift */; };
		6C05F7212C516CC8008FFE7E /* PostLite.swift in Sources */ = {isa = PBXBuildFile; fileRef = 6C05F7202C516CC8008FFE7E /* PostLite.swift */; };
		6C05F7232C517B41008FFE7E /* NoticeTypeIconView.swift in Sources */ = {isa = PBXBuildFile; fileRef = 6C05F7222C517B41008FFE7E /* NoticeTypeIconView.swift */; };
		6C1927D52C4E252E00669E23 /* AuthenticationViewModel.swift in Sources */ = {isa = PBXBuildFile; fileRef = 6C1927D42C4E252E00669E23 /* AuthenticationViewModel.swift */; };
		6C1927D72C4E278B00669E23 /* ServiceError.swift in Sources */ = {isa = PBXBuildFile; fileRef = 6C1927D62C4E278B00669E23 /* ServiceError.swift */; };
		6C1927DC2C4E2C6000669E23 /* MainView.swift in Sources */ = {isa = PBXBuildFile; fileRef = 6C1927DB2C4E2C6000669E23 /* MainView.swift */; };
		6C1927DF2C4E2C9C00669E23 /* SignInIntroView.swift in Sources */ = {isa = PBXBuildFile; fileRef = 6C1927DE2C4E2C9C00669E23 /* SignInIntroView.swift */; };
		6C1927E22C4E315900669E23 /* Color+Extension.swift in Sources */ = {isa = PBXBuildFile; fileRef = 6C1927E12C4E315900669E23 /* Color+Extension.swift */; };
		6C1927E52C4E35CF00669E23 /* DefaultButtonStyle.swift in Sources */ = {isa = PBXBuildFile; fileRef = 6C1927E42C4E35CF00669E23 /* DefaultButtonStyle.swift */; };
		6C1927E82C4E492800669E23 /* DefaultTextFieldStyle.swift in Sources */ = {isa = PBXBuildFile; fileRef = 6C1927E72C4E492800669E23 /* DefaultTextFieldStyle.swift */; };
		6C1927F92C4E4F3D00669E23 /* Pretendard-Regular.otf in Resources */ = {isa = PBXBuildFile; fileRef = 6C1927F62C4E4F3D00669E23 /* Pretendard-Regular.otf */; };
		6C1927FA2C4E4F3D00669E23 /* Pretendard-Bold.otf in Resources */ = {isa = PBXBuildFile; fileRef = 6C1927F72C4E4F3D00669E23 /* Pretendard-Bold.otf */; };
		6C1927FB2C4E4F3D00669E23 /* Pretendard-Medium.otf in Resources */ = {isa = PBXBuildFile; fileRef = 6C1927F82C4E4F3D00669E23 /* Pretendard-Medium.otf */; };
		6C1C6BA42C63EBE5002761C3 /* PostRequest.swift in Sources */ = {isa = PBXBuildFile; fileRef = 6C1C6BA32C63EBE5002761C3 /* PostRequest.swift */; };
		6C1C6BA82C63EE74002761C3 /* CreatePostView.swift in Sources */ = {isa = PBXBuildFile; fileRef = 6C1C6BA72C63EE74002761C3 /* CreatePostView.swift */; };
		6C1C6BAA2C63F21A002761C3 /* PostViewModel.swift in Sources */ = {isa = PBXBuildFile; fileRef = 6C1C6BA92C63F21A002761C3 /* PostViewModel.swift */; };
		6C2B6CEC2C710B4C007EE391 /* AuthResponse.swift in Sources */ = {isa = PBXBuildFile; fileRef = 6C2B6CEB2C710B4C007EE391 /* AuthResponse.swift */; };
		6C2B6CEE2C7261D0007EE391 /* SignUpCompleteView.swift in Sources */ = {isa = PBXBuildFile; fileRef = 6C2B6CED2C7261D0007EE391 /* SignUpCompleteView.swift */; };
		6C2CE89A2C52B8A30066DA03 /* PostDetailView.swift in Sources */ = {isa = PBXBuildFile; fileRef = 6C2CE8992C52B8A30066DA03 /* PostDetailView.swift */; };
		6C2CE89C2C52BCE80066DA03 /* MainViewModel.swift in Sources */ = {isa = PBXBuildFile; fileRef = 6C2CE89B2C52BCE80066DA03 /* MainViewModel.swift */; };
		6C43ECCB2C539769000582AF /* BaseAPI.swift in Sources */ = {isa = PBXBuildFile; fileRef = 6C43ECCA2C539769000582AF /* BaseAPI.swift */; };
		6C43ECCE2C5398CA000582AF /* BaseTargetType.swift in Sources */ = {isa = PBXBuildFile; fileRef = 6C43ECCD2C5398CA000582AF /* BaseTargetType.swift */; };
		6C43ECD02C5398E3000582AF /* APIConstants.swift in Sources */ = {isa = PBXBuildFile; fileRef = 6C43ECCF2C5398E3000582AF /* APIConstants.swift */; };
		6C43ECD32C539946000582AF /* CombineMoya in Frameworks */ = {isa = PBXBuildFile; productRef = 6C43ECD22C539946000582AF /* CombineMoya */; };
		6C43ECD52C539946000582AF /* Moya in Frameworks */ = {isa = PBXBuildFile; productRef = 6C43ECD42C539946000582AF /* Moya */; };
		6C43ECD82C539989000582AF /* MoyaLoggingPlugin.swift in Sources */ = {isa = PBXBuildFile; fileRef = 6C43ECD72C539989000582AF /* MoyaLoggingPlugin.swift */; };
		6C43ECDA2C5399A9000582AF /* Extension+Log.swift in Sources */ = {isa = PBXBuildFile; fileRef = 6C43ECD92C5399A9000582AF /* Extension+Log.swift */; };
		6C43ECDC2C5399B8000582AF /* Extension+OSLog.swift in Sources */ = {isa = PBXBuildFile; fileRef = 6C43ECDB2C5399B8000582AF /* Extension+OSLog.swift */; };
		6C43ECDE2C5399C7000582AF /* Log.swift in Sources */ = {isa = PBXBuildFile; fileRef = 6C43ECDD2C5399C7000582AF /* Log.swift */; };
		6C43ECE22C53B211000582AF /* Phase.swift in Sources */ = {isa = PBXBuildFile; fileRef = 6C43ECE12C53B211000582AF /* Phase.swift */; };
		6C43ECE42C53B262000582AF /* LoadingView.swift in Sources */ = {isa = PBXBuildFile; fileRef = 6C43ECE32C53B262000582AF /* LoadingView.swift */; };
		6C43ECE62C53B28D000582AF /* ErrorView.swift in Sources */ = {isa = PBXBuildFile; fileRef = 6C43ECE52C53B28D000582AF /* ErrorView.swift */; };
		6C43ECE92C53B2CD000582AF /* APIHeaderManager.swift in Sources */ = {isa = PBXBuildFile; fileRef = 6C43ECE82C53B2CD000582AF /* APIHeaderManager.swift */; };
		6C43ECEB2C53BC3C000582AF /* UserService.swift in Sources */ = {isa = PBXBuildFile; fileRef = 6C43ECEA2C53BC3C000582AF /* UserService.swift */; };
		6C43ECED2C53BE8D000582AF /* UserTarget.swift in Sources */ = {isa = PBXBuildFile; fileRef = 6C43ECEC2C53BE8D000582AF /* UserTarget.swift */; };
		6C43ECEF2C5417EA000582AF /* CombineMoya in Frameworks */ = {isa = PBXBuildFile; productRef = 6C43ECEE2C5417EA000582AF /* CombineMoya */; };
		6C43ECF12C5417EA000582AF /* Moya in Frameworks */ = {isa = PBXBuildFile; productRef = 6C43ECF02C5417EA000582AF /* Moya */; };
		6C43ECF32C5417EA000582AF /* ReactiveMoya in Frameworks */ = {isa = PBXBuildFile; productRef = 6C43ECF22C5417EA000582AF /* ReactiveMoya */; };
		6C43ECF52C5417EA000582AF /* RxMoya in Frameworks */ = {isa = PBXBuildFile; productRef = 6C43ECF42C5417EA000582AF /* RxMoya */; };
		6C55BB622C4FAD8C00A3C357 /* RoomItemView.swift in Sources */ = {isa = PBXBuildFile; fileRef = 6C55BB612C4FAD8C00A3C357 /* RoomItemView.swift */; };
		6C55BB642C4FBBB800A3C357 /* Room.swift in Sources */ = {isa = PBXBuildFile; fileRef = 6C55BB632C4FBBB800A3C357 /* Room.swift */; };
		6C55BB672C4FC08200A3C357 /* StateType.swift in Sources */ = {isa = PBXBuildFile; fileRef = 6C55BB662C4FC08200A3C357 /* StateType.swift */; };
		6C55BB692C4FC0BB00A3C357 /* SubmitStateType.swift in Sources */ = {isa = PBXBuildFile; fileRef = 6C55BB682C4FC0BB00A3C357 /* SubmitStateType.swift */; };
		6C55BB6C2C4FC93C00A3C357 /* RecentNoticeItemView.swift in Sources */ = {isa = PBXBuildFile; fileRef = 6C55BB6B2C4FC93C00A3C357 /* RecentNoticeItemView.swift */; };
		6C55BB702C4FDC7B00A3C357 /* View+Extension.swift in Sources */ = {isa = PBXBuildFile; fileRef = 6C55BB6F2C4FDC7B00A3C357 /* View+Extension.swift */; };
		6C59C2A02C5CAC3D0093A7FA /* KakaoSDK in Frameworks */ = {isa = PBXBuildFile; productRef = 6C59C29F2C5CAC3D0093A7FA /* KakaoSDK */; };
		6C59C2A22C5CAC3D0093A7FA /* KakaoSDKAuth in Frameworks */ = {isa = PBXBuildFile; productRef = 6C59C2A12C5CAC3D0093A7FA /* KakaoSDKAuth */; };
		6C59C2A42C5CAECC0093A7FA /* AppDelegate.swift in Sources */ = {isa = PBXBuildFile; fileRef = 6C59C2A32C5CAECC0093A7FA /* AppDelegate.swift */; };
		6C59C2A62C5CB58C0093A7FA /* SceneDelegate.swift in Sources */ = {isa = PBXBuildFile; fileRef = 6C59C2A52C5CB58C0093A7FA /* SceneDelegate.swift */; };
		6C5DCC8E2C4E53F3007E59E5 /* MaxLengthModifier.swift in Sources */ = {isa = PBXBuildFile; fileRef = 6C5DCC8D2C4E53F3007E59E5 /* MaxLengthModifier.swift */; };
		6C5DCC902C4E542C007E59E5 /* TextField+Extension.swift in Sources */ = {isa = PBXBuildFile; fileRef = 6C5DCC8F2C4E542C007E59E5 /* TextField+Extension.swift */; };
		6C5DCC932C4E7FCF007E59E5 /* SignUpView.swift in Sources */ = {isa = PBXBuildFile; fileRef = 6C5DCC922C4E7FCF007E59E5 /* SignUpView.swift */; };
		6C621DCF2C555F760007999B /* RoomService.swift in Sources */ = {isa = PBXBuildFile; fileRef = 6C621DCE2C555F760007999B /* RoomService.swift */; };
		6C621DD12C555FC90007999B /* RoomTarget.swift in Sources */ = {isa = PBXBuildFile; fileRef = 6C621DD02C555FC90007999B /* RoomTarget.swift */; };
		6C621DD32C5560CE0007999B /* RoomViewModel.swift in Sources */ = {isa = PBXBuildFile; fileRef = 6C621DD22C5560CE0007999B /* RoomViewModel.swift */; };
		6C621DD52C56287B0007999B /* EmptyView.swift in Sources */ = {isa = PBXBuildFile; fileRef = 6C621DD42C56287B0007999B /* EmptyView.swift */; };
		6C621DD72C5632DB0007999B /* MyPageViewModel.swift in Sources */ = {isa = PBXBuildFile; fileRef = 6C621DD62C5632DB0007999B /* MyPageViewModel.swift */; };
		6C621DDA2C57F8730007999B /* CreateRoomView.swift in Sources */ = {isa = PBXBuildFile; fileRef = 6C621DD92C57F8730007999B /* CreateRoomView.swift */; };
		6C621DDC2C5800800007999B /* PhotoPickerService.swift in Sources */ = {isa = PBXBuildFile; fileRef = 6C621DDB2C5800800007999B /* PhotoPickerService.swift */; };
		6C621DDF2C5800C60007999B /* PhotoImage.swift in Sources */ = {isa = PBXBuildFile; fileRef = 6C621DDE2C5800C60007999B /* PhotoImage.swift */; };
		6C621DE12C5804FE0007999B /* ImageURLResponse.swift in Sources */ = {isa = PBXBuildFile; fileRef = 6C621DE02C5804FE0007999B /* ImageURLResponse.swift */; };
		6C621DE32C5816180007999B /* CreateRoomViewModel.swift in Sources */ = {isa = PBXBuildFile; fileRef = 6C621DE22C5816180007999B /* CreateRoomViewModel.swift */; };
		6C75A7732C52212F00EF396E /* RoomView.swift in Sources */ = {isa = PBXBuildFile; fileRef = 6C75A7722C52212F00EF396E /* RoomView.swift */; };
		6C75A7752C52238500EF396E /* NavigationRouter.swift in Sources */ = {isa = PBXBuildFile; fileRef = 6C75A7742C52238500EF396E /* NavigationRouter.swift */; };
		6C75A7772C52270500EF396E /* NavigationRoutingView.swift in Sources */ = {isa = PBXBuildFile; fileRef = 6C75A7762C52270500EF396E /* NavigationRoutingView.swift */; };
		6C75A7792C52321500EF396E /* MyInfoButtonStyle.swift in Sources */ = {isa = PBXBuildFile; fileRef = 6C75A7782C52321500EF396E /* MyInfoButtonStyle.swift */; };
		6C7F9AF22C6F292900FED8E3 /* SubmitView.swift in Sources */ = {isa = PBXBuildFile; fileRef = 6C7F9AF12C6F292900FED8E3 /* SubmitView.swift */; };
		6C7F9AF42C6F293600FED8E3 /* SubmitViewModel.swift in Sources */ = {isa = PBXBuildFile; fileRef = 6C7F9AF32C6F293600FED8E3 /* SubmitViewModel.swift */; };
		6C7F9AF62C6F2A4900FED8E3 /* Submit.swift in Sources */ = {isa = PBXBuildFile; fileRef = 6C7F9AF52C6F2A4900FED8E3 /* Submit.swift */; };
		6C7F9AF82C6F31A700FED8E3 /* SubmitRequest.swift in Sources */ = {isa = PBXBuildFile; fileRef = 6C7F9AF72C6F31A700FED8E3 /* SubmitRequest.swift */; };
		6C7F9AFA2C6FB0DA00FED8E3 /* SubmitTypeIconView.swift in Sources */ = {isa = PBXBuildFile; fileRef = 6C7F9AF92C6FB0DA00FED8E3 /* SubmitTypeIconView.swift */; };
		6C7F9AFD2C6FB40500FED8E3 /* CompleteView.swift in Sources */ = {isa = PBXBuildFile; fileRef = 6C7F9AFC2C6FB40500FED8E3 /* CompleteView.swift */; };
		6C7F9AFF2C6FB41800FED8E3 /* NotCompleteView.swift in Sources */ = {isa = PBXBuildFile; fileRef = 6C7F9AFE2C6FB41800FED8E3 /* NotCompleteView.swift */; };
		6C7F9B012C6FB42300FED8E3 /* PendingView.swift in Sources */ = {isa = PBXBuildFile; fileRef = 6C7F9B002C6FB42300FED8E3 /* PendingView.swift */; };
		6C7F9B032C6FB7C800FED8E3 /* SubmitModelDestination.swift in Sources */ = {isa = PBXBuildFile; fileRef = 6C7F9B022C6FB7C800FED8E3 /* SubmitModelDestination.swift */; };
		6C8701472C54C8D700C6CF97 /* UserAPI.swift in Sources */ = {isa = PBXBuildFile; fileRef = 6C8701462C54C8D700C6CF97 /* UserAPI.swift */; };
		6C8701492C54DF0E00C6CF97 /* RoomAPI.swift in Sources */ = {isa = PBXBuildFile; fileRef = 6C8701482C54DF0E00C6CF97 /* RoomAPI.swift */; };
		6C87014B2C54E0EA00C6CF97 /* AdminAPI.swift in Sources */ = {isa = PBXBuildFile; fileRef = 6C87014A2C54E0EA00C6CF97 /* AdminAPI.swift */; };
		6C8701512C54EDFE00C6CF97 /* ObservableObjectSettable.swift in Sources */ = {isa = PBXBuildFile; fileRef = 6C8701502C54EDFE00C6CF97 /* ObservableObjectSettable.swift */; };
		6C8701572C54F0C200C6CF97 /* MyPageView.swift in Sources */ = {isa = PBXBuildFile; fileRef = 6C8701562C54F0C200C6CF97 /* MyPageView.swift */; };
		6C87015A2C54F0DF00C6CF97 /* PenaltyView.swift in Sources */ = {isa = PBXBuildFile; fileRef = 6C8701592C54F0DF00C6CF97 /* PenaltyView.swift */; };
		6C882A892C4D180600AE5734 /* ReadmeApp.swift in Sources */ = {isa = PBXBuildFile; fileRef = 6C882A882C4D180600AE5734 /* ReadmeApp.swift */; };
		6C882A8D2C4D180700AE5734 /* ColorAssets.xcassets in Resources */ = {isa = PBXBuildFile; fileRef = 6C882A8C2C4D180700AE5734 /* ColorAssets.xcassets */; };
		6C882A902C4D180700AE5734 /* Preview Assets.xcassets in Resources */ = {isa = PBXBuildFile; fileRef = 6C882A8F2C4D180700AE5734 /* Preview Assets.xcassets */; };
		6C882AA52C4D1FFC00AE5734 /* Font+Extension.swift in Sources */ = {isa = PBXBuildFile; fileRef = 6C882AA42C4D1FFC00AE5734 /* Font+Extension.swift */; };
		6C882AA92C4D2FB100AE5734 /* Services.swift in Sources */ = {isa = PBXBuildFile; fileRef = 6C882AA82C4D2FB100AE5734 /* Services.swift */; };
		6C882AAF2C4D304700AE5734 /* NavigationDestination.swift in Sources */ = {isa = PBXBuildFile; fileRef = 6C882AAE2C4D304700AE5734 /* NavigationDestination.swift */; };
		6C882AB12C4D6B0C00AE5734 /* DIContainer.swift in Sources */ = {isa = PBXBuildFile; fileRef = 6C882AB02C4D6B0C00AE5734 /* DIContainer.swift */; };
		6C882AB72C4D6B4D00AE5734 /* User.swift in Sources */ = {isa = PBXBuildFile; fileRef = 6C882AB62C4D6B4D00AE5734 /* User.swift */; };
		6C882ABA2C4D6F1600AE5734 /* AuthenticationService.swift in Sources */ = {isa = PBXBuildFile; fileRef = 6C882AB92C4D6F1600AE5734 /* AuthenticationService.swift */; };
		6C882ABD2C4D71B900AE5734 /* AuthenticatedView.swift in Sources */ = {isa = PBXBuildFile; fileRef = 6C882ABC2C4D71B900AE5734 /* AuthenticatedView.swift */; };
		6C9220A52C667901009E75BD /* SmallDatePickerStyle.swift in Sources */ = {isa = PBXBuildFile; fileRef = 6C9220A42C667901009E75BD /* SmallDatePickerStyle.swift */; };
		6C9220A72C6679B2009E75BD /* DateFormattter+Extension.swift in Sources */ = {isa = PBXBuildFile; fileRef = 6C9220A62C6679B2009E75BD /* DateFormattter+Extension.swift */; };
		6C9220A92C679178009E75BD /* RoomModelDestination.swift in Sources */ = {isa = PBXBuildFile; fileRef = 6C9220A82C679178009E75BD /* RoomModelDestination.swift */; };
		6CA418A32C5950A800AFC116 /* ConfirmButtonStyle.swift in Sources */ = {isa = PBXBuildFile; fileRef = 6CA418A22C5950A800AFC116 /* ConfirmButtonStyle.swift */; };
		6CA418A52C5A722000AFC116 /* AuthRequest.swift in Sources */ = {isa = PBXBuildFile; fileRef = 6CA418A42C5A722000AFC116 /* AuthRequest.swift */; };
		6CA418A72C5A762800AFC116 /* Auth.swift in Sources */ = {isa = PBXBuildFile; fileRef = 6CA418A62C5A762800AFC116 /* Auth.swift */; };
		6CAE007A2C70A1BE00238CF7 /* SignUpQuestionType.swift in Sources */ = {isa = PBXBuildFile; fileRef = 6CAE00792C70A1BE00238CF7 /* SignUpQuestionType.swift */; };
		6CF7CD352C58CEE100D6D4D8 /* TokenManager.swift in Sources */ = {isa = PBXBuildFile; fileRef = 6CF7CD342C58CEE100D6D4D8 /* TokenManager.swift */; };
		6CF7CD382C58D36500D6D4D8 /* RoomRequest.swift in Sources */ = {isa = PBXBuildFile; fileRef = 6CF7CD372C58D36500D6D4D8 /* RoomRequest.swift */; };
		6CF7CD3B2C58D70900D6D4D8 /* AdminService.swift in Sources */ = {isa = PBXBuildFile; fileRef = 6CF7CD3A2C58D70900D6D4D8 /* AdminService.swift */; };
		6CF7CD3D2C58D7AB00D6D4D8 /* AdminTarget.swift in Sources */ = {isa = PBXBuildFile; fileRef = 6CF7CD3C2C58D7AB00D6D4D8 /* AdminTarget.swift */; };
/* End PBXBuildFile section */

/* Begin PBXFileReference section */
		6C05F71C2C516232008FFE7E /* PostPreviewView.swift */ = {isa = PBXFileReference; lastKnownFileType = sourcecode.swift; path = PostPreviewView.swift; sourceTree = "<group>"; };
		6C05F71E2C51673A008FFE7E /* PostType.swift */ = {isa = PBXFileReference; lastKnownFileType = sourcecode.swift; path = PostType.swift; sourceTree = "<group>"; };
		6C05F7202C516CC8008FFE7E /* PostLite.swift */ = {isa = PBXFileReference; lastKnownFileType = sourcecode.swift; path = PostLite.swift; sourceTree = "<group>"; };
		6C05F7222C517B41008FFE7E /* NoticeTypeIconView.swift */ = {isa = PBXFileReference; lastKnownFileType = sourcecode.swift; path = NoticeTypeIconView.swift; sourceTree = "<group>"; };
		6C1927D42C4E252E00669E23 /* AuthenticationViewModel.swift */ = {isa = PBXFileReference; lastKnownFileType = sourcecode.swift; path = AuthenticationViewModel.swift; sourceTree = "<group>"; };
		6C1927D62C4E278B00669E23 /* ServiceError.swift */ = {isa = PBXFileReference; lastKnownFileType = sourcecode.swift; path = ServiceError.swift; sourceTree = "<group>"; };
		6C1927DB2C4E2C6000669E23 /* MainView.swift */ = {isa = PBXFileReference; lastKnownFileType = sourcecode.swift; path = MainView.swift; sourceTree = "<group>"; };
		6C1927DE2C4E2C9C00669E23 /* SignInIntroView.swift */ = {isa = PBXFileReference; lastKnownFileType = sourcecode.swift; path = SignInIntroView.swift; sourceTree = "<group>"; };
		6C1927E12C4E315900669E23 /* Color+Extension.swift */ = {isa = PBXFileReference; lastKnownFileType = sourcecode.swift; path = "Color+Extension.swift"; sourceTree = "<group>"; };
		6C1927E42C4E35CF00669E23 /* DefaultButtonStyle.swift */ = {isa = PBXFileReference; lastKnownFileType = sourcecode.swift; path = DefaultButtonStyle.swift; sourceTree = "<group>"; };
		6C1927E72C4E492800669E23 /* DefaultTextFieldStyle.swift */ = {isa = PBXFileReference; lastKnownFileType = sourcecode.swift; path = DefaultTextFieldStyle.swift; sourceTree = "<group>"; };
		6C1927F52C4E4EBD00669E23 /* Info.plist */ = {isa = PBXFileReference; lastKnownFileType = text.plist; path = Info.plist; sourceTree = "<group>"; };
		6C1927F62C4E4F3D00669E23 /* Pretendard-Regular.otf */ = {isa = PBXFileReference; lastKnownFileType = file; path = "Pretendard-Regular.otf"; sourceTree = "<group>"; };
		6C1927F72C4E4F3D00669E23 /* Pretendard-Bold.otf */ = {isa = PBXFileReference; lastKnownFileType = file; path = "Pretendard-Bold.otf"; sourceTree = "<group>"; };
		6C1927F82C4E4F3D00669E23 /* Pretendard-Medium.otf */ = {isa = PBXFileReference; lastKnownFileType = file; path = "Pretendard-Medium.otf"; sourceTree = "<group>"; };
		6C1C6BA32C63EBE5002761C3 /* PostRequest.swift */ = {isa = PBXFileReference; lastKnownFileType = sourcecode.swift; path = PostRequest.swift; sourceTree = "<group>"; };
		6C1C6BA72C63EE74002761C3 /* CreatePostView.swift */ = {isa = PBXFileReference; lastKnownFileType = sourcecode.swift; path = CreatePostView.swift; sourceTree = "<group>"; };
		6C1C6BA92C63F21A002761C3 /* PostViewModel.swift */ = {isa = PBXFileReference; lastKnownFileType = sourcecode.swift; path = PostViewModel.swift; sourceTree = "<group>"; };
		6C2B6CEB2C710B4C007EE391 /* AuthResponse.swift */ = {isa = PBXFileReference; lastKnownFileType = sourcecode.swift; path = AuthResponse.swift; sourceTree = "<group>"; };
		6C2B6CED2C7261D0007EE391 /* SignUpCompleteView.swift */ = {isa = PBXFileReference; lastKnownFileType = sourcecode.swift; path = SignUpCompleteView.swift; sourceTree = "<group>"; };
		6C2CE8992C52B8A30066DA03 /* PostDetailView.swift */ = {isa = PBXFileReference; lastKnownFileType = sourcecode.swift; path = PostDetailView.swift; sourceTree = "<group>"; };
		6C2CE89B2C52BCE80066DA03 /* MainViewModel.swift */ = {isa = PBXFileReference; lastKnownFileType = sourcecode.swift; path = MainViewModel.swift; sourceTree = "<group>"; };
		6C43ECCA2C539769000582AF /* BaseAPI.swift */ = {isa = PBXFileReference; lastKnownFileType = sourcecode.swift; path = BaseAPI.swift; sourceTree = "<group>"; };
		6C43ECCD2C5398CA000582AF /* BaseTargetType.swift */ = {isa = PBXFileReference; lastKnownFileType = sourcecode.swift; path = BaseTargetType.swift; sourceTree = "<group>"; };
		6C43ECCF2C5398E3000582AF /* APIConstants.swift */ = {isa = PBXFileReference; lastKnownFileType = sourcecode.swift; path = APIConstants.swift; sourceTree = "<group>"; };
		6C43ECD72C539989000582AF /* MoyaLoggingPlugin.swift */ = {isa = PBXFileReference; lastKnownFileType = sourcecode.swift; path = MoyaLoggingPlugin.swift; sourceTree = "<group>"; };
		6C43ECD92C5399A9000582AF /* Extension+Log.swift */ = {isa = PBXFileReference; lastKnownFileType = sourcecode.swift; path = "Extension+Log.swift"; sourceTree = "<group>"; };
		6C43ECDB2C5399B8000582AF /* Extension+OSLog.swift */ = {isa = PBXFileReference; lastKnownFileType = sourcecode.swift; path = "Extension+OSLog.swift"; sourceTree = "<group>"; };
		6C43ECDD2C5399C7000582AF /* Log.swift */ = {isa = PBXFileReference; lastKnownFileType = sourcecode.swift; path = Log.swift; sourceTree = "<group>"; };
		6C43ECE12C53B211000582AF /* Phase.swift */ = {isa = PBXFileReference; lastKnownFileType = sourcecode.swift; path = Phase.swift; sourceTree = "<group>"; };
		6C43ECE32C53B262000582AF /* LoadingView.swift */ = {isa = PBXFileReference; lastKnownFileType = sourcecode.swift; path = LoadingView.swift; sourceTree = "<group>"; };
		6C43ECE52C53B28D000582AF /* ErrorView.swift */ = {isa = PBXFileReference; lastKnownFileType = sourcecode.swift; path = ErrorView.swift; sourceTree = "<group>"; };
		6C43ECE82C53B2CD000582AF /* APIHeaderManager.swift */ = {isa = PBXFileReference; lastKnownFileType = sourcecode.swift; path = APIHeaderManager.swift; sourceTree = "<group>"; };
		6C43ECEA2C53BC3C000582AF /* UserService.swift */ = {isa = PBXFileReference; lastKnownFileType = sourcecode.swift; path = UserService.swift; sourceTree = "<group>"; };
		6C43ECEC2C53BE8D000582AF /* UserTarget.swift */ = {isa = PBXFileReference; lastKnownFileType = sourcecode.swift; path = UserTarget.swift; sourceTree = "<group>"; };
		6C55BB612C4FAD8C00A3C357 /* RoomItemView.swift */ = {isa = PBXFileReference; lastKnownFileType = sourcecode.swift; path = RoomItemView.swift; sourceTree = "<group>"; };
		6C55BB632C4FBBB800A3C357 /* Room.swift */ = {isa = PBXFileReference; lastKnownFileType = sourcecode.swift; path = Room.swift; sourceTree = "<group>"; };
		6C55BB662C4FC08200A3C357 /* StateType.swift */ = {isa = PBXFileReference; lastKnownFileType = sourcecode.swift; path = StateType.swift; sourceTree = "<group>"; };
		6C55BB682C4FC0BB00A3C357 /* SubmitStateType.swift */ = {isa = PBXFileReference; lastKnownFileType = sourcecode.swift; path = SubmitStateType.swift; sourceTree = "<group>"; };
		6C55BB6B2C4FC93C00A3C357 /* RecentNoticeItemView.swift */ = {isa = PBXFileReference; lastKnownFileType = sourcecode.swift; path = RecentNoticeItemView.swift; sourceTree = "<group>"; };
		6C55BB6F2C4FDC7B00A3C357 /* View+Extension.swift */ = {isa = PBXFileReference; lastKnownFileType = sourcecode.swift; path = "View+Extension.swift"; sourceTree = "<group>"; };
		6C59C2A32C5CAECC0093A7FA /* AppDelegate.swift */ = {isa = PBXFileReference; lastKnownFileType = sourcecode.swift; path = AppDelegate.swift; sourceTree = "<group>"; };
		6C59C2A52C5CB58C0093A7FA /* SceneDelegate.swift */ = {isa = PBXFileReference; lastKnownFileType = sourcecode.swift; path = SceneDelegate.swift; sourceTree = "<group>"; };
		6C5DCC8D2C4E53F3007E59E5 /* MaxLengthModifier.swift */ = {isa = PBXFileReference; lastKnownFileType = sourcecode.swift; path = MaxLengthModifier.swift; sourceTree = "<group>"; };
		6C5DCC8F2C4E542C007E59E5 /* TextField+Extension.swift */ = {isa = PBXFileReference; lastKnownFileType = sourcecode.swift; path = "TextField+Extension.swift"; sourceTree = "<group>"; };
		6C5DCC922C4E7FCF007E59E5 /* SignUpView.swift */ = {isa = PBXFileReference; lastKnownFileType = sourcecode.swift; path = SignUpView.swift; sourceTree = "<group>"; };
		6C621DCE2C555F760007999B /* RoomService.swift */ = {isa = PBXFileReference; lastKnownFileType = sourcecode.swift; path = RoomService.swift; sourceTree = "<group>"; };
		6C621DD02C555FC90007999B /* RoomTarget.swift */ = {isa = PBXFileReference; lastKnownFileType = sourcecode.swift; path = RoomTarget.swift; sourceTree = "<group>"; };
		6C621DD22C5560CE0007999B /* RoomViewModel.swift */ = {isa = PBXFileReference; lastKnownFileType = sourcecode.swift; path = RoomViewModel.swift; sourceTree = "<group>"; };
		6C621DD42C56287B0007999B /* EmptyView.swift */ = {isa = PBXFileReference; lastKnownFileType = sourcecode.swift; path = EmptyView.swift; sourceTree = "<group>"; };
		6C621DD62C5632DB0007999B /* MyPageViewModel.swift */ = {isa = PBXFileReference; lastKnownFileType = sourcecode.swift; path = MyPageViewModel.swift; sourceTree = "<group>"; };
		6C621DD92C57F8730007999B /* CreateRoomView.swift */ = {isa = PBXFileReference; lastKnownFileType = sourcecode.swift; path = CreateRoomView.swift; sourceTree = "<group>"; };
		6C621DDB2C5800800007999B /* PhotoPickerService.swift */ = {isa = PBXFileReference; lastKnownFileType = sourcecode.swift; path = PhotoPickerService.swift; sourceTree = "<group>"; };
		6C621DDE2C5800C60007999B /* PhotoImage.swift */ = {isa = PBXFileReference; lastKnownFileType = sourcecode.swift; path = PhotoImage.swift; sourceTree = "<group>"; };
		6C621DE02C5804FE0007999B /* ImageURLResponse.swift */ = {isa = PBXFileReference; lastKnownFileType = sourcecode.swift; path = ImageURLResponse.swift; sourceTree = "<group>"; };
		6C621DE22C5816180007999B /* CreateRoomViewModel.swift */ = {isa = PBXFileReference; lastKnownFileType = sourcecode.swift; path = CreateRoomViewModel.swift; sourceTree = "<group>"; };
		6C75A7722C52212F00EF396E /* RoomView.swift */ = {isa = PBXFileReference; lastKnownFileType = sourcecode.swift; path = RoomView.swift; sourceTree = "<group>"; };
		6C75A7742C52238500EF396E /* NavigationRouter.swift */ = {isa = PBXFileReference; lastKnownFileType = sourcecode.swift; path = NavigationRouter.swift; sourceTree = "<group>"; };
		6C75A7762C52270500EF396E /* NavigationRoutingView.swift */ = {isa = PBXFileReference; lastKnownFileType = sourcecode.swift; path = NavigationRoutingView.swift; sourceTree = "<group>"; };
		6C75A7782C52321500EF396E /* MyInfoButtonStyle.swift */ = {isa = PBXFileReference; lastKnownFileType = sourcecode.swift; path = MyInfoButtonStyle.swift; sourceTree = "<group>"; };
		6C7F9AF12C6F292900FED8E3 /* SubmitView.swift */ = {isa = PBXFileReference; lastKnownFileType = sourcecode.swift; path = SubmitView.swift; sourceTree = "<group>"; };
		6C7F9AF32C6F293600FED8E3 /* SubmitViewModel.swift */ = {isa = PBXFileReference; lastKnownFileType = sourcecode.swift; path = SubmitViewModel.swift; sourceTree = "<group>"; };
		6C7F9AF52C6F2A4900FED8E3 /* Submit.swift */ = {isa = PBXFileReference; lastKnownFileType = sourcecode.swift; path = Submit.swift; sourceTree = "<group>"; };
		6C7F9AF72C6F31A700FED8E3 /* SubmitRequest.swift */ = {isa = PBXFileReference; lastKnownFileType = sourcecode.swift; path = SubmitRequest.swift; sourceTree = "<group>"; };
		6C7F9AF92C6FB0DA00FED8E3 /* SubmitTypeIconView.swift */ = {isa = PBXFileReference; lastKnownFileType = sourcecode.swift; path = SubmitTypeIconView.swift; sourceTree = "<group>"; };
		6C7F9AFC2C6FB40500FED8E3 /* CompleteView.swift */ = {isa = PBXFileReference; lastKnownFileType = sourcecode.swift; path = CompleteView.swift; sourceTree = "<group>"; };
		6C7F9AFE2C6FB41800FED8E3 /* NotCompleteView.swift */ = {isa = PBXFileReference; lastKnownFileType = sourcecode.swift; path = NotCompleteView.swift; sourceTree = "<group>"; };
		6C7F9B002C6FB42300FED8E3 /* PendingView.swift */ = {isa = PBXFileReference; lastKnownFileType = sourcecode.swift; path = PendingView.swift; sourceTree = "<group>"; };
		6C7F9B022C6FB7C800FED8E3 /* SubmitModelDestination.swift */ = {isa = PBXFileReference; lastKnownFileType = sourcecode.swift; path = SubmitModelDestination.swift; sourceTree = "<group>"; };
		6C8701462C54C8D700C6CF97 /* UserAPI.swift */ = {isa = PBXFileReference; lastKnownFileType = sourcecode.swift; path = UserAPI.swift; sourceTree = "<group>"; };
		6C8701482C54DF0E00C6CF97 /* RoomAPI.swift */ = {isa = PBXFileReference; lastKnownFileType = sourcecode.swift; path = RoomAPI.swift; sourceTree = "<group>"; };
		6C87014A2C54E0EA00C6CF97 /* AdminAPI.swift */ = {isa = PBXFileReference; lastKnownFileType = sourcecode.swift; path = AdminAPI.swift; sourceTree = "<group>"; };
		6C8701502C54EDFE00C6CF97 /* ObservableObjectSettable.swift */ = {isa = PBXFileReference; lastKnownFileType = sourcecode.swift; path = ObservableObjectSettable.swift; sourceTree = "<group>"; };
		6C8701562C54F0C200C6CF97 /* MyPageView.swift */ = {isa = PBXFileReference; lastKnownFileType = sourcecode.swift; path = MyPageView.swift; sourceTree = "<group>"; };
		6C8701592C54F0DF00C6CF97 /* PenaltyView.swift */ = {isa = PBXFileReference; lastKnownFileType = sourcecode.swift; path = PenaltyView.swift; sourceTree = "<group>"; };
		6C882A852C4D180600AE5734 /* Readme.app */ = {isa = PBXFileReference; explicitFileType = wrapper.application; includeInIndex = 0; path = Readme.app; sourceTree = BUILT_PRODUCTS_DIR; };
		6C882A882C4D180600AE5734 /* ReadmeApp.swift */ = {isa = PBXFileReference; lastKnownFileType = sourcecode.swift; path = ReadmeApp.swift; sourceTree = "<group>"; };
		6C882A8C2C4D180700AE5734 /* ColorAssets.xcassets */ = {isa = PBXFileReference; lastKnownFileType = folder.assetcatalog; path = ColorAssets.xcassets; sourceTree = "<group>"; };
		6C882A8F2C4D180700AE5734 /* Preview Assets.xcassets */ = {isa = PBXFileReference; lastKnownFileType = folder.assetcatalog; path = "Preview Assets.xcassets"; sourceTree = "<group>"; };
		6C882AA42C4D1FFC00AE5734 /* Font+Extension.swift */ = {isa = PBXFileReference; lastKnownFileType = sourcecode.swift; path = "Font+Extension.swift"; sourceTree = "<group>"; };
		6C882AA82C4D2FB100AE5734 /* Services.swift */ = {isa = PBXFileReference; lastKnownFileType = sourcecode.swift; path = Services.swift; sourceTree = "<group>"; };
		6C882AAE2C4D304700AE5734 /* NavigationDestination.swift */ = {isa = PBXFileReference; lastKnownFileType = sourcecode.swift; path = NavigationDestination.swift; sourceTree = "<group>"; };
		6C882AB02C4D6B0C00AE5734 /* DIContainer.swift */ = {isa = PBXFileReference; lastKnownFileType = sourcecode.swift; path = DIContainer.swift; sourceTree = "<group>"; };
		6C882AB62C4D6B4D00AE5734 /* User.swift */ = {isa = PBXFileReference; lastKnownFileType = sourcecode.swift; path = User.swift; sourceTree = "<group>"; };
		6C882AB92C4D6F1600AE5734 /* AuthenticationService.swift */ = {isa = PBXFileReference; lastKnownFileType = sourcecode.swift; path = AuthenticationService.swift; sourceTree = "<group>"; };
		6C882ABC2C4D71B900AE5734 /* AuthenticatedView.swift */ = {isa = PBXFileReference; lastKnownFileType = sourcecode.swift; path = AuthenticatedView.swift; sourceTree = "<group>"; };
		6C9220A42C667901009E75BD /* SmallDatePickerStyle.swift */ = {isa = PBXFileReference; lastKnownFileType = sourcecode.swift; path = SmallDatePickerStyle.swift; sourceTree = "<group>"; };
		6C9220A62C6679B2009E75BD /* DateFormattter+Extension.swift */ = {isa = PBXFileReference; lastKnownFileType = sourcecode.swift; path = "DateFormattter+Extension.swift"; sourceTree = "<group>"; };
		6C9220A82C679178009E75BD /* RoomModelDestination.swift */ = {isa = PBXFileReference; lastKnownFileType = sourcecode.swift; path = RoomModelDestination.swift; sourceTree = "<group>"; };
		6CA418A22C5950A800AFC116 /* ConfirmButtonStyle.swift */ = {isa = PBXFileReference; lastKnownFileType = sourcecode.swift; path = ConfirmButtonStyle.swift; sourceTree = "<group>"; };
		6CA418A42C5A722000AFC116 /* AuthRequest.swift */ = {isa = PBXFileReference; lastKnownFileType = sourcecode.swift; path = AuthRequest.swift; sourceTree = "<group>"; };
		6CA418A62C5A762800AFC116 /* Auth.swift */ = {isa = PBXFileReference; lastKnownFileType = sourcecode.swift; path = Auth.swift; sourceTree = "<group>"; };
		6CAE00792C70A1BE00238CF7 /* SignUpQuestionType.swift */ = {isa = PBXFileReference; lastKnownFileType = sourcecode.swift; path = SignUpQuestionType.swift; sourceTree = "<group>"; };
		6CF7CD342C58CEE100D6D4D8 /* TokenManager.swift */ = {isa = PBXFileReference; lastKnownFileType = sourcecode.swift; path = TokenManager.swift; sourceTree = "<group>"; };
		6CF7CD372C58D36500D6D4D8 /* RoomRequest.swift */ = {isa = PBXFileReference; lastKnownFileType = sourcecode.swift; path = RoomRequest.swift; sourceTree = "<group>"; };
		6CF7CD3A2C58D70900D6D4D8 /* AdminService.swift */ = {isa = PBXFileReference; lastKnownFileType = sourcecode.swift; path = AdminService.swift; sourceTree = "<group>"; };
		6CF7CD3C2C58D7AB00D6D4D8 /* AdminTarget.swift */ = {isa = PBXFileReference; lastKnownFileType = sourcecode.swift; path = AdminTarget.swift; sourceTree = "<group>"; };
/* End PBXFileReference section */

/* Begin PBXFrameworksBuildPhase section */
		6C882A822C4D180600AE5734 /* Frameworks */ = {
			isa = PBXFrameworksBuildPhase;
			buildActionMask = 2147483647;
			files = (
				6C43ECF52C5417EA000582AF /* RxMoya in Frameworks */,
				6C43ECD52C539946000582AF /* Moya in Frameworks */,
				6C43ECD32C539946000582AF /* CombineMoya in Frameworks */,
				6C43ECF12C5417EA000582AF /* Moya in Frameworks */,
				6C43ECF32C5417EA000582AF /* ReactiveMoya in Frameworks */,
				6C43ECEF2C5417EA000582AF /* CombineMoya in Frameworks */,
				6C59C2A02C5CAC3D0093A7FA /* KakaoSDK in Frameworks */,
				6C59C2A22C5CAC3D0093A7FA /* KakaoSDKAuth in Frameworks */,
			);
			runOnlyForDeploymentPostprocessing = 0;
		};
/* End PBXFrameworksBuildPhase section */

/* Begin PBXGroup section */
		6C05F71B2C5160E8008FFE7E /* Room */ = {
			isa = PBXGroup;
			children = (
				6C75A7722C52212F00EF396E /* RoomView.swift */,
				6C621DD22C5560CE0007999B /* RoomViewModel.swift */,
			);
			path = Room;
			sourceTree = "<group>";
		};
		6C1927D82C4E2C4A00669E23 /* Main */ = {
			isa = PBXGroup;
			children = (
				6C8701542C54F0AC00C6CF97 /* Header */,
				6C1927DB2C4E2C6000669E23 /* MainView.swift */,
				6C2CE89B2C52BCE80066DA03 /* MainViewModel.swift */,
				6C621DD82C57F85C0007999B /* CreateRoom */,
			);
			path = Main;
			sourceTree = "<group>";
		};
		6C1927DD2C4E2C9300669E23 /* SignIn */ = {
			isa = PBXGroup;
			children = (
				6C1927DE2C4E2C9C00669E23 /* SignInIntroView.swift */,
			);
			path = SignIn;
			sourceTree = "<group>";
		};
		6C1927E02C4E314700669E23 /* Extension */ = {
			isa = PBXGroup;
			children = (
				6C882AA42C4D1FFC00AE5734 /* Font+Extension.swift */,
				6C5DCC8F2C4E542C007E59E5 /* TextField+Extension.swift */,
				6C1927E12C4E315900669E23 /* Color+Extension.swift */,
				6C55BB6F2C4FDC7B00A3C357 /* View+Extension.swift */,
				6C9220A62C6679B2009E75BD /* DateFormattter+Extension.swift */,
			);
			path = Extension;
			sourceTree = "<group>";
		};
		6C1927E32C4E356700669E23 /* ButtonStyle */ = {
			isa = PBXGroup;
			children = (
				6C1927E42C4E35CF00669E23 /* DefaultButtonStyle.swift */,
				6C75A7782C52321500EF396E /* MyInfoButtonStyle.swift */,
				6CA418A22C5950A800AFC116 /* ConfirmButtonStyle.swift */,
			);
			path = ButtonStyle;
			sourceTree = "<group>";
		};
		6C1927E62C4E48FF00669E23 /* TextFieldStyle */ = {
			isa = PBXGroup;
			children = (
				6C1927E72C4E492800669E23 /* DefaultTextFieldStyle.swift */,
				6C5DCC8D2C4E53F3007E59E5 /* MaxLengthModifier.swift */,
			);
			path = TextFieldStyle;
			sourceTree = "<group>";
		};
		6C2B6CEA2C710B46007EE391 /* Auth */ = {
			isa = PBXGroup;
			children = (
				6C2B6CEB2C710B4C007EE391 /* AuthResponse.swift */,
			);
			path = Auth;
			sourceTree = "<group>";
		};
		6C2CE8982C52B8950066DA03 /* Post */ = {
			isa = PBXGroup;
			children = (
				6C2CE8992C52B8A30066DA03 /* PostDetailView.swift */,
				6C1C6BA92C63F21A002761C3 /* PostViewModel.swift */,
				6C1C6BA72C63EE74002761C3 /* CreatePostView.swift */,
			);
			path = Post;
			sourceTree = "<group>";
		};
		6C43ECC82C53974A000582AF /* Domain */ = {
			isa = PBXGroup;
			children = (
				6C43ECEC2C53BE8D000582AF /* UserTarget.swift */,
				6C621DD02C555FC90007999B /* RoomTarget.swift */,
				6CF7CD3C2C58D7AB00D6D4D8 /* AdminTarget.swift */,
				6C43ECE72C53B2C1000582AF /* API */,
				6C43ECCC2C5398C0000582AF /* Foundation */,
				6C43ECC92C539753000582AF /* ReadmeAPI */,
			);
			path = Domain;
			sourceTree = "<group>";
		};
		6C43ECC92C539753000582AF /* ReadmeAPI */ = {
			isa = PBXGroup;
			children = (
				6C43ECCA2C539769000582AF /* BaseAPI.swift */,
				6C8701462C54C8D700C6CF97 /* UserAPI.swift */,
				6C8701482C54DF0E00C6CF97 /* RoomAPI.swift */,
				6C87014A2C54E0EA00C6CF97 /* AdminAPI.swift */,
			);
			path = ReadmeAPI;
			sourceTree = "<group>";
		};
		6C43ECCC2C5398C0000582AF /* Foundation */ = {
			isa = PBXGroup;
			children = (
				6C43ECCD2C5398CA000582AF /* BaseTargetType.swift */,
				6C43ECCF2C5398E3000582AF /* APIConstants.swift */,
			);
			path = Foundation;
			sourceTree = "<group>";
		};
		6C43ECD62C539981000582AF /* Log */ = {
			isa = PBXGroup;
			children = (
				6C43ECD72C539989000582AF /* MoyaLoggingPlugin.swift */,
				6C43ECD92C5399A9000582AF /* Extension+Log.swift */,
				6C43ECDB2C5399B8000582AF /* Extension+OSLog.swift */,
				6C43ECDD2C5399C7000582AF /* Log.swift */,
			);
			path = Log;
			sourceTree = "<group>";
		};
		6C43ECE72C53B2C1000582AF /* API */ = {
			isa = PBXGroup;
			children = (
				6C43ECE82C53B2CD000582AF /* APIHeaderManager.swift */,
			);
			path = API;
			sourceTree = "<group>";
		};
		6C55BB5F2C4FAC7900A3C357 /* Room */ = {
			isa = PBXGroup;
			children = (
				6C55BB612C4FAD8C00A3C357 /* RoomItemView.swift */,
			);
			path = Room;
			sourceTree = "<group>";
		};
		6C55BB602C4FAD7700A3C357 /* View */ = {
			isa = PBXGroup;
			children = (
				6C55BB6A2C4FC92A00A3C357 /* Notice */,
				6C55BB5F2C4FAC7900A3C357 /* Room */,
				6C75A7762C52270500EF396E /* NavigationRoutingView.swift */,
				6C43ECE32C53B262000582AF /* LoadingView.swift */,
				6C43ECE52C53B28D000582AF /* ErrorView.swift */,
				6C621DD42C56287B0007999B /* EmptyView.swift */,
			);
			path = View;
			sourceTree = "<group>";
		};
		6C55BB652C4FC07B00A3C357 /* Type */ = {
			isa = PBXGroup;
			children = (
				6C55BB662C4FC08200A3C357 /* StateType.swift */,
				6C55BB682C4FC0BB00A3C357 /* SubmitStateType.swift */,
				6C05F71E2C51673A008FFE7E /* PostType.swift */,
				6CAE00792C70A1BE00238CF7 /* SignUpQuestionType.swift */,
			);
			path = Type;
			sourceTree = "<group>";
		};
		6C55BB6A2C4FC92A00A3C357 /* Notice */ = {
			isa = PBXGroup;
			children = (
				6C55BB6B2C4FC93C00A3C357 /* RecentNoticeItemView.swift */,
				6C05F71C2C516232008FFE7E /* PostPreviewView.swift */,
				6C05F7222C517B41008FFE7E /* NoticeTypeIconView.swift */,
				6C7F9AF92C6FB0DA00FED8E3 /* SubmitTypeIconView.swift */,
			);
			path = Notice;
			sourceTree = "<group>";
		};
		6C5DCC912C4E7FC1007E59E5 /* SignUp */ = {
			isa = PBXGroup;
			children = (
				6C5DCC922C4E7FCF007E59E5 /* SignUpView.swift */,
				6C2B6CED2C7261D0007EE391 /* SignUpCompleteView.swift */,
			);
			path = SignUp;
			sourceTree = "<group>";
		};
		6C621DD82C57F85C0007999B /* CreateRoom */ = {
			isa = PBXGroup;
			children = (
				6C621DD92C57F8730007999B /* CreateRoomView.swift */,
				6C621DE22C5816180007999B /* CreateRoomViewModel.swift */,
			);
			path = CreateRoom;
			sourceTree = "<group>";
		};
		6C621DDD2C5800BB0007999B /* PhotoPicker */ = {
			isa = PBXGroup;
			children = (
				6C621DDB2C5800800007999B /* PhotoPickerService.swift */,
				6C621DDE2C5800C60007999B /* PhotoImage.swift */,
			);
			path = PhotoPicker;
			sourceTree = "<group>";
		};
		6C7F9AF02C6F291300FED8E3 /* Submit */ = {
			isa = PBXGroup;
			children = (
				6C7F9AFB2C6FB3FE00FED8E3 /* Result */,
				6C7F9AF12C6F292900FED8E3 /* SubmitView.swift */,
				6C7F9AF32C6F293600FED8E3 /* SubmitViewModel.swift */,
			);
			path = Submit;
			sourceTree = "<group>";
		};
		6C7F9AFB2C6FB3FE00FED8E3 /* Result */ = {
			isa = PBXGroup;
			children = (
				6C7F9AFC2C6FB40500FED8E3 /* CompleteView.swift */,
				6C7F9AFE2C6FB41800FED8E3 /* NotCompleteView.swift */,
				6C7F9B002C6FB42300FED8E3 /* PendingView.swift */,
			);
			path = Result;
			sourceTree = "<group>";
		};
		6C87014E2C54EDDD00C6CF97 /* Dependency */ = {
			isa = PBXGroup;
			children = (
				6C8701532C54EE3200C6CF97 /* Protocol */,
				6C87014F2C54EDF900C6CF97 /* Navigation */,
			);
			path = Dependency;
			sourceTree = "<group>";
		};
		6C87014F2C54EDF900C6CF97 /* Navigation */ = {
			isa = PBXGroup;
			children = (
				6C882AAE2C4D304700AE5734 /* NavigationDestination.swift */,
				6C75A7742C52238500EF396E /* NavigationRouter.swift */,
				6C9220A82C679178009E75BD /* RoomModelDestination.swift */,
				6C7F9B022C6FB7C800FED8E3 /* SubmitModelDestination.swift */,
			);
			path = Navigation;
			sourceTree = "<group>";
		};
		6C8701532C54EE3200C6CF97 /* Protocol */ = {
			isa = PBXGroup;
			children = (
				6C8701502C54EDFE00C6CF97 /* ObservableObjectSettable.swift */,
			);
			path = Protocol;
			sourceTree = "<group>";
		};
		6C8701542C54F0AC00C6CF97 /* Header */ = {
			isa = PBXGroup;
			children = (
				6C8701582C54F0D700C6CF97 /* Penalty */,
				6C8701552C54F0B900C6CF97 /* Mypage */,
			);
			path = Header;
			sourceTree = "<group>";
		};
		6C8701552C54F0B900C6CF97 /* Mypage */ = {
			isa = PBXGroup;
			children = (
				6C8701562C54F0C200C6CF97 /* MyPageView.swift */,
				6C621DD62C5632DB0007999B /* MyPageViewModel.swift */,
			);
			path = Mypage;
			sourceTree = "<group>";
		};
		6C8701582C54F0D700C6CF97 /* Penalty */ = {
			isa = PBXGroup;
			children = (
				6C8701592C54F0DF00C6CF97 /* PenaltyView.swift */,
			);
			path = Penalty;
			sourceTree = "<group>";
		};
		6C882A7C2C4D180600AE5734 = {
			isa = PBXGroup;
			children = (
				6C882A872C4D180600AE5734 /* Readme */,
				6C882A862C4D180600AE5734 /* Products */,
			);
			sourceTree = "<group>";
		};
		6C882A862C4D180600AE5734 /* Products */ = {
			isa = PBXGroup;
			children = (
				6C882A852C4D180600AE5734 /* Readme.app */,
			);
			name = Products;
			sourceTree = "<group>";
		};
		6C882A872C4D180600AE5734 /* Readme */ = {
			isa = PBXGroup;
			children = (
				6C1927F52C4E4EBD00669E23 /* Info.plist */,
				6C882A882C4D180600AE5734 /* ReadmeApp.swift */,
				6C882A962C4D1E9600AE5734 /* Sources */,
				6C882A9B2C4D1EEF00AE5734 /* Resources */,
				6C882A8E2C4D180700AE5734 /* Preview Content */,
				6C59C2A32C5CAECC0093A7FA /* AppDelegate.swift */,
				6C59C2A52C5CB58C0093A7FA /* SceneDelegate.swift */,
			);
			path = Readme;
			sourceTree = "<group>";
		};
		6C882A8E2C4D180700AE5734 /* Preview Content */ = {
			isa = PBXGroup;
			children = (
				6C882A8F2C4D180700AE5734 /* Preview Assets.xcassets */,
			);
			path = "Preview Content";
			sourceTree = "<group>";
		};
		6C882A962C4D1E9600AE5734 /* Sources */ = {
			isa = PBXGroup;
			children = (
				6C87014E2C54EDDD00C6CF97 /* Dependency */,
				6C55BB652C4FC07B00A3C357 /* Type */,
				6C882A972C4D1EAE00AE5734 /* General */,
				6C882A982C4D1EB400AE5734 /* View */,
				6C882A992C4D1EC500AE5734 /* Model */,
				6C882AA72C4D23A300AE5734 /* Service */,
				6C1927E02C4E314700669E23 /* Extension */,
				6C43ECC82C53974A000582AF /* Domain */,
			);
			path = Sources;
			sourceTree = "<group>";
		};
		6C882A972C4D1EAE00AE5734 /* General */ = {
			isa = PBXGroup;
			children = (
				6C55BB602C4FAD7700A3C357 /* View */,
				6C1927E62C4E48FF00669E23 /* TextFieldStyle */,
				6C9220A32C6678EA009E75BD /* DatePickerStyle */,
				6C1927E32C4E356700669E23 /* ButtonStyle */,
				6C882AB02C4D6B0C00AE5734 /* DIContainer.swift */,
				6C43ECE12C53B211000582AF /* Phase.swift */,
			);
			path = General;
			sourceTree = "<group>";
		};
		6C882A982C4D1EB400AE5734 /* View */ = {
			isa = PBXGroup;
			children = (
				6C7F9AF02C6F291300FED8E3 /* Submit */,
				6C2CE8982C52B8950066DA03 /* Post */,
				6C05F71B2C5160E8008FFE7E /* Room */,
				6C5DCC912C4E7FC1007E59E5 /* SignUp */,
				6C1927DD2C4E2C9300669E23 /* SignIn */,
				6C1927D82C4E2C4A00669E23 /* Main */,
				6C882ABB2C4D71A600AE5734 /* Authentification */,
			);
			path = View;
			sourceTree = "<group>";
		};
		6C882A992C4D1EC500AE5734 /* Model */ = {
			isa = PBXGroup;
			children = (
				6C2B6CEA2C710B46007EE391 /* Auth */,
				6CF7CD392C58D58F00D6D4D8 /* Response */,
				6CF7CD362C58D35B00D6D4D8 /* Request */,
			);
			path = Model;
			sourceTree = "<group>";
		};
		6C882A9B2C4D1EEF00AE5734 /* Resources */ = {
			isa = PBXGroup;
			children = (
				6C882AAC2C4D2FD700AE5734 /* Asset */,
				6C882A9C2C4D1F1000AE5734 /* Font */,
			);
			path = Resources;
			sourceTree = "<group>";
		};
		6C882A9C2C4D1F1000AE5734 /* Font */ = {
			isa = PBXGroup;
			children = (
				6C882A9D2C4D1F2C00AE5734 /* Pretendard */,
			);
			path = Font;
			sourceTree = "<group>";
		};
		6C882A9D2C4D1F2C00AE5734 /* Pretendard */ = {
			isa = PBXGroup;
			children = (
				6C1927F72C4E4F3D00669E23 /* Pretendard-Bold.otf */,
				6C1927F82C4E4F3D00669E23 /* Pretendard-Medium.otf */,
				6C1927F62C4E4F3D00669E23 /* Pretendard-Regular.otf */,
			);
			path = Pretendard;
			sourceTree = "<group>";
		};
		6C882AA72C4D23A300AE5734 /* Service */ = {
			isa = PBXGroup;
			children = (
				6CF7CD332C58CED800D6D4D8 /* Token */,
				6C621DDD2C5800BB0007999B /* PhotoPicker */,
				6C43ECD62C539981000582AF /* Log */,
				6C882AA82C4D2FB100AE5734 /* Services.swift */,
				6C1927D62C4E278B00669E23 /* ServiceError.swift */,
				6C882AB92C4D6F1600AE5734 /* AuthenticationService.swift */,
				6C43ECEA2C53BC3C000582AF /* UserService.swift */,
				6C621DCE2C555F760007999B /* RoomService.swift */,
				6CF7CD3A2C58D70900D6D4D8 /* AdminService.swift */,
			);
			path = Service;
			sourceTree = "<group>";
		};
		6C882AAC2C4D2FD700AE5734 /* Asset */ = {
			isa = PBXGroup;
			children = (
				6C882A8C2C4D180700AE5734 /* ColorAssets.xcassets */,
			);
			path = Asset;
			sourceTree = "<group>";
		};
		6C882ABB2C4D71A600AE5734 /* Authentification */ = {
			isa = PBXGroup;
			children = (
				6C882ABC2C4D71B900AE5734 /* AuthenticatedView.swift */,
				6C1927D42C4E252E00669E23 /* AuthenticationViewModel.swift */,
			);
			path = Authentification;
			sourceTree = "<group>";
		};
		6C9220A32C6678EA009E75BD /* DatePickerStyle */ = {
			isa = PBXGroup;
			children = (
				6C9220A42C667901009E75BD /* SmallDatePickerStyle.swift */,
			);
			path = DatePickerStyle;
			sourceTree = "<group>";
		};
		6CF7CD332C58CED800D6D4D8 /* Token */ = {
			isa = PBXGroup;
			children = (
				6CF7CD342C58CEE100D6D4D8 /* TokenManager.swift */,
			);
			path = Token;
			sourceTree = "<group>";
		};
		6CF7CD362C58D35B00D6D4D8 /* Request */ = {
			isa = PBXGroup;
			children = (
				6CF7CD372C58D36500D6D4D8 /* RoomRequest.swift */,
				6CA418A42C5A722000AFC116 /* AuthRequest.swift */,
				6C1C6BA32C63EBE5002761C3 /* PostRequest.swift */,
				6C7F9AF72C6F31A700FED8E3 /* SubmitRequest.swift */,
			);
			path = Request;
			sourceTree = "<group>";
		};
		6CF7CD392C58D58F00D6D4D8 /* Response */ = {
			isa = PBXGroup;
			children = (
				6C882AB62C4D6B4D00AE5734 /* User.swift */,
				6C55BB632C4FBBB800A3C357 /* Room.swift */,
				6C05F7202C516CC8008FFE7E /* PostLite.swift */,
				6C621DE02C5804FE0007999B /* ImageURLResponse.swift */,
				6CA418A62C5A762800AFC116 /* Auth.swift */,
				6C7F9AF52C6F2A4900FED8E3 /* Submit.swift */,
			);
			path = Response;
			sourceTree = "<group>";
		};
/* End PBXGroup section */

/* Begin PBXNativeTarget section */
		6C882A842C4D180600AE5734 /* Readme */ = {
			isa = PBXNativeTarget;
			buildConfigurationList = 6C882A932C4D180700AE5734 /* Build configuration list for PBXNativeTarget "Readme" */;
			buildPhases = (
				6C882A812C4D180600AE5734 /* Sources */,
				6C882A822C4D180600AE5734 /* Frameworks */,
				6C882A832C4D180600AE5734 /* Resources */,
			);
			buildRules = (
			);
			dependencies = (
			);
			name = Readme;
			packageProductDependencies = (
				6C43ECD22C539946000582AF /* CombineMoya */,
				6C43ECD42C539946000582AF /* Moya */,
				6C43ECEE2C5417EA000582AF /* CombineMoya */,
				6C43ECF02C5417EA000582AF /* Moya */,
				6C43ECF22C5417EA000582AF /* ReactiveMoya */,
				6C43ECF42C5417EA000582AF /* RxMoya */,
				6C59C29F2C5CAC3D0093A7FA /* KakaoSDK */,
				6C59C2A12C5CAC3D0093A7FA /* KakaoSDKAuth */,
			);
			productName = Readme;
			productReference = 6C882A852C4D180600AE5734 /* Readme.app */;
			productType = "com.apple.product-type.application";
		};
/* End PBXNativeTarget section */

/* Begin PBXProject section */
		6C882A7D2C4D180600AE5734 /* Project object */ = {
			isa = PBXProject;
			attributes = {
				BuildIndependentTargetsInParallel = 1;
				LastSwiftUpdateCheck = 1510;
				LastUpgradeCheck = 1510;
				TargetAttributes = {
					6C882A842C4D180600AE5734 = {
						CreatedOnToolsVersion = 15.1;
					};
				};
			};
			buildConfigurationList = 6C882A802C4D180600AE5734 /* Build configuration list for PBXProject "Readme" */;
			compatibilityVersion = "Xcode 14.0";
			developmentRegion = en;
			hasScannedForEncodings = 0;
			knownRegions = (
				en,
				Base,
			);
			mainGroup = 6C882A7C2C4D180600AE5734;
			packageReferences = (
				6C43ECD12C539946000582AF /* XCRemoteSwiftPackageReference "Moya" */,
				6C59C29E2C5CAC3D0093A7FA /* XCRemoteSwiftPackageReference "kakao-ios-sdk" */,
			);
			productRefGroup = 6C882A862C4D180600AE5734 /* Products */;
			projectDirPath = "";
			projectRoot = "";
			targets = (
				6C882A842C4D180600AE5734 /* Readme */,
			);
		};
/* End PBXProject section */

/* Begin PBXResourcesBuildPhase section */
		6C882A832C4D180600AE5734 /* Resources */ = {
			isa = PBXResourcesBuildPhase;
			buildActionMask = 2147483647;
			files = (
				6C882A902C4D180700AE5734 /* Preview Assets.xcassets in Resources */,
				6C1927FB2C4E4F3D00669E23 /* Pretendard-Medium.otf in Resources */,
				6C1927FA2C4E4F3D00669E23 /* Pretendard-Bold.otf in Resources */,
				6C1927F92C4E4F3D00669E23 /* Pretendard-Regular.otf in Resources */,
				6C882A8D2C4D180700AE5734 /* ColorAssets.xcassets in Resources */,
			);
			runOnlyForDeploymentPostprocessing = 0;
		};
/* End PBXResourcesBuildPhase section */

/* Begin PBXSourcesBuildPhase section */
		6C882A812C4D180600AE5734 /* Sources */ = {
			isa = PBXSourcesBuildPhase;
			buildActionMask = 2147483647;
			files = (
				6C1C6BAA2C63F21A002761C3 /* PostViewModel.swift in Sources */,
				6C5DCC932C4E7FCF007E59E5 /* SignUpView.swift in Sources */,
				6C55BB692C4FC0BB00A3C357 /* SubmitStateType.swift in Sources */,
				6C87014B2C54E0EA00C6CF97 /* AdminAPI.swift in Sources */,
				6C621DE32C5816180007999B /* CreateRoomViewModel.swift in Sources */,
				6C75A7732C52212F00EF396E /* RoomView.swift in Sources */,
				6C7F9B032C6FB7C800FED8E3 /* SubmitModelDestination.swift in Sources */,
				6C1927E52C4E35CF00669E23 /* DefaultButtonStyle.swift in Sources */,
				6C621DDF2C5800C60007999B /* PhotoImage.swift in Sources */,
				6C1927E22C4E315900669E23 /* Color+Extension.swift in Sources */,
				6C1927DC2C4E2C6000669E23 /* MainView.swift in Sources */,
				6C55BB6C2C4FC93C00A3C357 /* RecentNoticeItemView.swift in Sources */,
				6C7F9B012C6FB42300FED8E3 /* PendingView.swift in Sources */,
				6C1927DF2C4E2C9C00669E23 /* SignInIntroView.swift in Sources */,
				6C43ECDE2C5399C7000582AF /* Log.swift in Sources */,
				6C75A7752C52238500EF396E /* NavigationRouter.swift in Sources */,
				6C1927E82C4E492800669E23 /* DefaultTextFieldStyle.swift in Sources */,
				6CA418A32C5950A800AFC116 /* ConfirmButtonStyle.swift in Sources */,
				6C882AA92C4D2FB100AE5734 /* Services.swift in Sources */,
				6C2B6CEC2C710B4C007EE391 /* AuthResponse.swift in Sources */,
				6CAE007A2C70A1BE00238CF7 /* SignUpQuestionType.swift in Sources */,
				6C621DD72C5632DB0007999B /* MyPageViewModel.swift in Sources */,
				6C882A892C4D180600AE5734 /* ReadmeApp.swift in Sources */,
				6CA418A72C5A762800AFC116 /* Auth.swift in Sources */,
				6C55BB702C4FDC7B00A3C357 /* View+Extension.swift in Sources */,
				6C9220A72C6679B2009E75BD /* DateFormattter+Extension.swift in Sources */,
				6C43ECE92C53B2CD000582AF /* APIHeaderManager.swift in Sources */,
				6C1927D52C4E252E00669E23 /* AuthenticationViewModel.swift in Sources */,
				6C43ECCB2C539769000582AF /* BaseAPI.swift in Sources */,
				6C8701472C54C8D700C6CF97 /* UserAPI.swift in Sources */,
				6C43ECDA2C5399A9000582AF /* Extension+Log.swift in Sources */,
				6C2B6CEE2C7261D0007EE391 /* SignUpCompleteView.swift in Sources */,
				6C882AB72C4D6B4D00AE5734 /* User.swift in Sources */,
				6C5DCC8E2C4E53F3007E59E5 /* MaxLengthModifier.swift in Sources */,
				6C7F9AFD2C6FB40500FED8E3 /* CompleteView.swift in Sources */,
				6C43ECE42C53B262000582AF /* LoadingView.swift in Sources */,
				6C882ABD2C4D71B900AE5734 /* AuthenticatedView.swift in Sources */,
				6C75A7792C52321500EF396E /* MyInfoButtonStyle.swift in Sources */,
				6C55BB672C4FC08200A3C357 /* StateType.swift in Sources */,
				6C43ECCE2C5398CA000582AF /* BaseTargetType.swift in Sources */,
				6C43ECE22C53B211000582AF /* Phase.swift in Sources */,
				6C7F9AFA2C6FB0DA00FED8E3 /* SubmitTypeIconView.swift in Sources */,
				6CF7CD382C58D36500D6D4D8 /* RoomRequest.swift in Sources */,
				6C5DCC902C4E542C007E59E5 /* TextField+Extension.swift in Sources */,
				6C2CE89A2C52B8A30066DA03 /* PostDetailView.swift in Sources */,
				6C43ECD02C5398E3000582AF /* APIConstants.swift in Sources */,
				6C9220A92C679178009E75BD /* RoomModelDestination.swift in Sources */,
				6C882AA52C4D1FFC00AE5734 /* Font+Extension.swift in Sources */,
				6C7F9AF42C6F293600FED8E3 /* SubmitViewModel.swift in Sources */,
				6C43ECEB2C53BC3C000582AF /* UserService.swift in Sources */,
				6C8701492C54DF0E00C6CF97 /* RoomAPI.swift in Sources */,
				6C55BB642C4FBBB800A3C357 /* Room.swift in Sources */,
				6C43ECD82C539989000582AF /* MoyaLoggingPlugin.swift in Sources */,
				6C59C2A42C5CAECC0093A7FA /* AppDelegate.swift in Sources */,
				6C05F71F2C51673A008FFE7E /* PostType.swift in Sources */,
				6C1C6BA82C63EE74002761C3 /* CreatePostView.swift in Sources */,
				6C55BB622C4FAD8C00A3C357 /* RoomItemView.swift in Sources */,
				6CF7CD352C58CEE100D6D4D8 /* TokenManager.swift in Sources */,
				6C2CE89C2C52BCE80066DA03 /* MainViewModel.swift in Sources */,
				6C59C2A62C5CB58C0093A7FA /* SceneDelegate.swift in Sources */,
				6C621DD12C555FC90007999B /* RoomTarget.swift in Sources */,
				6C7F9AF22C6F292900FED8E3 /* SubmitView.swift in Sources */,
				6C05F7212C516CC8008FFE7E /* PostLite.swift in Sources */,
				6C8701512C54EDFE00C6CF97 /* ObservableObjectSettable.swift in Sources */,
				6C87015A2C54F0DF00C6CF97 /* PenaltyView.swift in Sources */,
				6C621DD52C56287B0007999B /* EmptyView.swift in Sources */,
				6C8701572C54F0C200C6CF97 /* MyPageView.swift in Sources */,
				6C43ECED2C53BE8D000582AF /* UserTarget.swift in Sources */,
				6C1927D72C4E278B00669E23 /* ServiceError.swift in Sources */,
				6C05F7232C517B41008FFE7E /* NoticeTypeIconView.swift in Sources */,
				6C621DD32C5560CE0007999B /* RoomViewModel.swift in Sources */,
				6C882AB12C4D6B0C00AE5734 /* DIContainer.swift in Sources */,
				6C05F71D2C516232008FFE7E /* PostPreviewView.swift in Sources */,
				6C7F9AF62C6F2A4900FED8E3 /* Submit.swift in Sources */,
				6C621DDC2C5800800007999B /* PhotoPickerService.swift in Sources */,
				6C9220A52C667901009E75BD /* SmallDatePickerStyle.swift in Sources */,
				6C621DCF2C555F760007999B /* RoomService.swift in Sources */,
				6C7F9AFF2C6FB41800FED8E3 /* NotCompleteView.swift in Sources */,
				6C1C6BA42C63EBE5002761C3 /* PostRequest.swift in Sources */,
				6C621DE12C5804FE0007999B /* ImageURLResponse.swift in Sources */,
				6C882AAF2C4D304700AE5734 /* NavigationDestination.swift in Sources */,
				6C75A7772C52270500EF396E /* NavigationRoutingView.swift in Sources */,
				6C621DDA2C57F8730007999B /* CreateRoomView.swift in Sources */,
				6C882ABA2C4D6F1600AE5734 /* AuthenticationService.swift in Sources */,
				6CF7CD3D2C58D7AB00D6D4D8 /* AdminTarget.swift in Sources */,
				6C43ECDC2C5399B8000582AF /* Extension+OSLog.swift in Sources */,
				6CA418A52C5A722000AFC116 /* AuthRequest.swift in Sources */,
				6C43ECE62C53B28D000582AF /* ErrorView.swift in Sources */,
				6CF7CD3B2C58D70900D6D4D8 /* AdminService.swift in Sources */,
				6C7F9AF82C6F31A700FED8E3 /* SubmitRequest.swift in Sources */,
			);
			runOnlyForDeploymentPostprocessing = 0;
		};
/* End PBXSourcesBuildPhase section */

/* Begin XCBuildConfiguration section */
		6C882A912C4D180700AE5734 /* Debug */ = {
			isa = XCBuildConfiguration;
			buildSettings = {
				ALWAYS_SEARCH_USER_PATHS = NO;
				ASSETCATALOG_COMPILER_GENERATE_SWIFT_ASSET_SYMBOL_EXTENSIONS = YES;
				CLANG_ANALYZER_NONNULL = YES;
				CLANG_ANALYZER_NUMBER_OBJECT_CONVERSION = YES_AGGRESSIVE;
				CLANG_CXX_LANGUAGE_STANDARD = "gnu++20";
				CLANG_ENABLE_MODULES = YES;
				CLANG_ENABLE_OBJC_ARC = YES;
				CLANG_ENABLE_OBJC_WEAK = YES;
				CLANG_WARN_BLOCK_CAPTURE_AUTORELEASING = YES;
				CLANG_WARN_BOOL_CONVERSION = YES;
				CLANG_WARN_COMMA = YES;
				CLANG_WARN_CONSTANT_CONVERSION = YES;
				CLANG_WARN_DEPRECATED_OBJC_IMPLEMENTATIONS = YES;
				CLANG_WARN_DIRECT_OBJC_ISA_USAGE = YES_ERROR;
				CLANG_WARN_DOCUMENTATION_COMMENTS = YES;
				CLANG_WARN_EMPTY_BODY = YES;
				CLANG_WARN_ENUM_CONVERSION = YES;
				CLANG_WARN_INFINITE_RECURSION = YES;
				CLANG_WARN_INT_CONVERSION = YES;
				CLANG_WARN_NON_LITERAL_NULL_CONVERSION = YES;
				CLANG_WARN_OBJC_IMPLICIT_RETAIN_SELF = YES;
				CLANG_WARN_OBJC_LITERAL_CONVERSION = YES;
				CLANG_WARN_OBJC_ROOT_CLASS = YES_ERROR;
				CLANG_WARN_QUOTED_INCLUDE_IN_FRAMEWORK_HEADER = YES;
				CLANG_WARN_RANGE_LOOP_ANALYSIS = YES;
				CLANG_WARN_STRICT_PROTOTYPES = YES;
				CLANG_WARN_SUSPICIOUS_MOVE = YES;
				CLANG_WARN_UNGUARDED_AVAILABILITY = YES_AGGRESSIVE;
				CLANG_WARN_UNREACHABLE_CODE = YES;
				CLANG_WARN__DUPLICATE_METHOD_MATCH = YES;
				COPY_PHASE_STRIP = NO;
				DEBUG_INFORMATION_FORMAT = dwarf;
				ENABLE_STRICT_OBJC_MSGSEND = YES;
				ENABLE_TESTABILITY = YES;
				ENABLE_USER_SCRIPT_SANDBOXING = YES;
				GCC_C_LANGUAGE_STANDARD = gnu17;
				GCC_DYNAMIC_NO_PIC = NO;
				GCC_NO_COMMON_BLOCKS = YES;
				GCC_OPTIMIZATION_LEVEL = 0;
				GCC_PREPROCESSOR_DEFINITIONS = (
					"DEBUG=1",
					"$(inherited)",
				);
				GCC_WARN_64_TO_32_BIT_CONVERSION = YES;
				GCC_WARN_ABOUT_RETURN_TYPE = YES_ERROR;
				GCC_WARN_UNDECLARED_SELECTOR = YES;
				GCC_WARN_UNINITIALIZED_AUTOS = YES_AGGRESSIVE;
				GCC_WARN_UNUSED_FUNCTION = YES;
				GCC_WARN_UNUSED_VARIABLE = YES;
				IPHONEOS_DEPLOYMENT_TARGET = 17.2;
				LOCALIZATION_PREFERS_STRING_CATALOGS = YES;
				MTL_ENABLE_DEBUG_INFO = INCLUDE_SOURCE;
				MTL_FAST_MATH = YES;
				ONLY_ACTIVE_ARCH = YES;
				SDKROOT = iphoneos;
				SWIFT_ACTIVE_COMPILATION_CONDITIONS = "DEBUG $(inherited)";
				SWIFT_OPTIMIZATION_LEVEL = "-Onone";
			};
			name = Debug;
		};
		6C882A922C4D180700AE5734 /* Release */ = {
			isa = XCBuildConfiguration;
			buildSettings = {
				ALWAYS_SEARCH_USER_PATHS = NO;
				ASSETCATALOG_COMPILER_GENERATE_SWIFT_ASSET_SYMBOL_EXTENSIONS = YES;
				CLANG_ANALYZER_NONNULL = YES;
				CLANG_ANALYZER_NUMBER_OBJECT_CONVERSION = YES_AGGRESSIVE;
				CLANG_CXX_LANGUAGE_STANDARD = "gnu++20";
				CLANG_ENABLE_MODULES = YES;
				CLANG_ENABLE_OBJC_ARC = YES;
				CLANG_ENABLE_OBJC_WEAK = YES;
				CLANG_WARN_BLOCK_CAPTURE_AUTORELEASING = YES;
				CLANG_WARN_BOOL_CONVERSION = YES;
				CLANG_WARN_COMMA = YES;
				CLANG_WARN_CONSTANT_CONVERSION = YES;
				CLANG_WARN_DEPRECATED_OBJC_IMPLEMENTATIONS = YES;
				CLANG_WARN_DIRECT_OBJC_ISA_USAGE = YES_ERROR;
				CLANG_WARN_DOCUMENTATION_COMMENTS = YES;
				CLANG_WARN_EMPTY_BODY = YES;
				CLANG_WARN_ENUM_CONVERSION = YES;
				CLANG_WARN_INFINITE_RECURSION = YES;
				CLANG_WARN_INT_CONVERSION = YES;
				CLANG_WARN_NON_LITERAL_NULL_CONVERSION = YES;
				CLANG_WARN_OBJC_IMPLICIT_RETAIN_SELF = YES;
				CLANG_WARN_OBJC_LITERAL_CONVERSION = YES;
				CLANG_WARN_OBJC_ROOT_CLASS = YES_ERROR;
				CLANG_WARN_QUOTED_INCLUDE_IN_FRAMEWORK_HEADER = YES;
				CLANG_WARN_RANGE_LOOP_ANALYSIS = YES;
				CLANG_WARN_STRICT_PROTOTYPES = YES;
				CLANG_WARN_SUSPICIOUS_MOVE = YES;
				CLANG_WARN_UNGUARDED_AVAILABILITY = YES_AGGRESSIVE;
				CLANG_WARN_UNREACHABLE_CODE = YES;
				CLANG_WARN__DUPLICATE_METHOD_MATCH = YES;
				COPY_PHASE_STRIP = NO;
				DEBUG_INFORMATION_FORMAT = "dwarf-with-dsym";
				ENABLE_NS_ASSERTIONS = NO;
				ENABLE_STRICT_OBJC_MSGSEND = YES;
				ENABLE_USER_SCRIPT_SANDBOXING = YES;
				GCC_C_LANGUAGE_STANDARD = gnu17;
				GCC_NO_COMMON_BLOCKS = YES;
				GCC_WARN_64_TO_32_BIT_CONVERSION = YES;
				GCC_WARN_ABOUT_RETURN_TYPE = YES_ERROR;
				GCC_WARN_UNDECLARED_SELECTOR = YES;
				GCC_WARN_UNINITIALIZED_AUTOS = YES_AGGRESSIVE;
				GCC_WARN_UNUSED_FUNCTION = YES;
				GCC_WARN_UNUSED_VARIABLE = YES;
				IPHONEOS_DEPLOYMENT_TARGET = 17.2;
				LOCALIZATION_PREFERS_STRING_CATALOGS = YES;
				MTL_ENABLE_DEBUG_INFO = NO;
				MTL_FAST_MATH = YES;
				SDKROOT = iphoneos;
				SWIFT_COMPILATION_MODE = wholemodule;
				VALIDATE_PRODUCT = YES;
			};
			name = Release;
		};
		6C882A942C4D180700AE5734 /* Debug */ = {
			isa = XCBuildConfiguration;
			buildSettings = {
				ASSETCATALOG_COMPILER_APPICON_NAME = AppIcon;
				ASSETCATALOG_COMPILER_GLOBAL_ACCENT_COLOR_NAME = AccentColor;
				CODE_SIGN_STYLE = Automatic;
				CURRENT_PROJECT_VERSION = 1;
				DEVELOPMENT_ASSET_PATHS = "\"Readme/Preview Content\"";
				DEVELOPMENT_TEAM = 4YH4UGRTMH;
				ENABLE_PREVIEWS = YES;
				GENERATE_INFOPLIST_FILE = YES;
				INFOPLIST_FILE = Readme/Info.plist;
				INFOPLIST_KEY_UIApplicationSceneManifest_Generation = YES;
				INFOPLIST_KEY_UIApplicationSupportsIndirectInputEvents = YES;
				INFOPLIST_KEY_UILaunchScreen_Generation = YES;
				INFOPLIST_KEY_UISupportedInterfaceOrientations_iPad = "UIInterfaceOrientationPortrait UIInterfaceOrientationPortraitUpsideDown UIInterfaceOrientationLandscapeLeft UIInterfaceOrientationLandscapeRight";
				INFOPLIST_KEY_UISupportedInterfaceOrientations_iPhone = "UIInterfaceOrientationPortrait UIInterfaceOrientationLandscapeLeft UIInterfaceOrientationLandscapeRight";
				IPHONEOS_DEPLOYMENT_TARGET = 17.0;
				LD_RUNPATH_SEARCH_PATHS = (
					"$(inherited)",
					"@executable_path/Frameworks",
				);
				MARKETING_VERSION = 1.0;
				OTHER_LDFLAGS = "-all_load";
				PRODUCT_BUNDLE_IDENTIFIER = Soop.Readme;
				PRODUCT_NAME = "$(TARGET_NAME)";
				SWIFT_EMIT_LOC_STRINGS = YES;
				SWIFT_VERSION = 5.0;
				TARGETED_DEVICE_FAMILY = "1,2";
			};
			name = Debug;
		};
		6C882A952C4D180700AE5734 /* Release */ = {
			isa = XCBuildConfiguration;
			buildSettings = {
				ASSETCATALOG_COMPILER_APPICON_NAME = AppIcon;
				ASSETCATALOG_COMPILER_GLOBAL_ACCENT_COLOR_NAME = AccentColor;
				CODE_SIGN_STYLE = Automatic;
				CURRENT_PROJECT_VERSION = 1;
				DEVELOPMENT_ASSET_PATHS = "\"Readme/Preview Content\"";
				DEVELOPMENT_TEAM = 4YH4UGRTMH;
				ENABLE_PREVIEWS = YES;
				GENERATE_INFOPLIST_FILE = YES;
				INFOPLIST_FILE = Readme/Info.plist;
				INFOPLIST_KEY_UIApplicationSceneManifest_Generation = YES;
				INFOPLIST_KEY_UIApplicationSupportsIndirectInputEvents = YES;
				INFOPLIST_KEY_UILaunchScreen_Generation = YES;
				INFOPLIST_KEY_UISupportedInterfaceOrientations_iPad = "UIInterfaceOrientationPortrait UIInterfaceOrientationPortraitUpsideDown UIInterfaceOrientationLandscapeLeft UIInterfaceOrientationLandscapeRight";
				INFOPLIST_KEY_UISupportedInterfaceOrientations_iPhone = "UIInterfaceOrientationPortrait UIInterfaceOrientationLandscapeLeft UIInterfaceOrientationLandscapeRight";
				IPHONEOS_DEPLOYMENT_TARGET = 17.0;
				LD_RUNPATH_SEARCH_PATHS = (
					"$(inherited)",
					"@executable_path/Frameworks",
				);
				MARKETING_VERSION = 1.0;
				OTHER_LDFLAGS = "-all_load";
				PRODUCT_BUNDLE_IDENTIFIER = Soop.Readme;
				PRODUCT_NAME = "$(TARGET_NAME)";
				SWIFT_EMIT_LOC_STRINGS = YES;
				SWIFT_VERSION = 5.0;
				TARGETED_DEVICE_FAMILY = "1,2";
			};
			name = Release;
		};
/* End XCBuildConfiguration section */

/* Begin XCConfigurationList section */
		6C882A802C4D180600AE5734 /* Build configuration list for PBXProject "Readme" */ = {
			isa = XCConfigurationList;
			buildConfigurations = (
				6C882A912C4D180700AE5734 /* Debug */,
				6C882A922C4D180700AE5734 /* Release */,
			);
			defaultConfigurationIsVisible = 0;
			defaultConfigurationName = Release;
		};
		6C882A932C4D180700AE5734 /* Build configuration list for PBXNativeTarget "Readme" */ = {
			isa = XCConfigurationList;
			buildConfigurations = (
				6C882A942C4D180700AE5734 /* Debug */,
				6C882A952C4D180700AE5734 /* Release */,
			);
			defaultConfigurationIsVisible = 0;
			defaultConfigurationName = Release;
		};
/* End XCConfigurationList section */

/* Begin XCRemoteSwiftPackageReference section */
		6C43ECD12C539946000582AF /* XCRemoteSwiftPackageReference "Moya" */ = {
			isa = XCRemoteSwiftPackageReference;
			repositoryURL = "https://github.com/Moya/Moya.git";
			requirement = {
				kind = upToNextMajorVersion;
				minimumVersion = 15.0.3;
			};
		};
		6C59C29E2C5CAC3D0093A7FA /* XCRemoteSwiftPackageReference "kakao-ios-sdk" */ = {
			isa = XCRemoteSwiftPackageReference;
			repositoryURL = "https://github.com/kakao/kakao-ios-sdk";
			requirement = {
				kind = upToNextMajorVersion;
				minimumVersion = 2.22.5;
			};
		};
/* End XCRemoteSwiftPackageReference section */

/* Begin XCSwiftPackageProductDependency section */
		6C43ECD22C539946000582AF /* CombineMoya */ = {
			isa = XCSwiftPackageProductDependency;
			package = 6C43ECD12C539946000582AF /* XCRemoteSwiftPackageReference "Moya" */;
			productName = CombineMoya;
		};
		6C43ECD42C539946000582AF /* Moya */ = {
			isa = XCSwiftPackageProductDependency;
			package = 6C43ECD12C539946000582AF /* XCRemoteSwiftPackageReference "Moya" */;
			productName = Moya;
		};
		6C43ECEE2C5417EA000582AF /* CombineMoya */ = {
			isa = XCSwiftPackageProductDependency;
			package = 6C43ECD12C539946000582AF /* XCRemoteSwiftPackageReference "Moya" */;
			productName = CombineMoya;
		};
		6C43ECF02C5417EA000582AF /* Moya */ = {
			isa = XCSwiftPackageProductDependency;
			package = 6C43ECD12C539946000582AF /* XCRemoteSwiftPackageReference "Moya" */;
			productName = Moya;
		};
		6C43ECF22C5417EA000582AF /* ReactiveMoya */ = {
			isa = XCSwiftPackageProductDependency;
			package = 6C43ECD12C539946000582AF /* XCRemoteSwiftPackageReference "Moya" */;
			productName = ReactiveMoya;
		};
		6C43ECF42C5417EA000582AF /* RxMoya */ = {
			isa = XCSwiftPackageProductDependency;
			package = 6C43ECD12C539946000582AF /* XCRemoteSwiftPackageReference "Moya" */;
			productName = RxMoya;
		};
		6C59C29F2C5CAC3D0093A7FA /* KakaoSDK */ = {
			isa = XCSwiftPackageProductDependency;
			package = 6C59C29E2C5CAC3D0093A7FA /* XCRemoteSwiftPackageReference "kakao-ios-sdk" */;
			productName = KakaoSDK;
		};
		6C59C2A12C5CAC3D0093A7FA /* KakaoSDKAuth */ = {
			isa = XCSwiftPackageProductDependency;
			package = 6C59C29E2C5CAC3D0093A7FA /* XCRemoteSwiftPackageReference "kakao-ios-sdk" */;
			productName = KakaoSDKAuth;
		};
/* End XCSwiftPackageProductDependency section */
	};
	rootObject = 6C882A7D2C4D180600AE5734 /* Project object */;
}
